PODS:
  - FMDB (2.7.5):
    - FMDB/standard (= 2.7.5)
  - FMDB/standard (2.7.5)
  - GKit (0.0.22):
    - Masonry
  - GKitGCD (0.0.1)
  - GKitModel (0.0.8):
    - FMDB
    - GKit (~> 0.0.17)
  - Masonry (1.1.0)

DEPENDENCIES:
  - GKit (from `https://github.com/xiamoweinuan/GKit.git`)
  - GKitGCD (from `https://github.com/xiamoweinuan/GKitGCD.git`)
  - GKitModel (from `https://github.com/xiamoweinuan/GKitModel.git`)

SPEC REPOS:
  trunk:
    - FMDB
    - Masonry

EXTERNAL SOURCES:
  GKit:
    :git: https://github.com/xiamoweinuan/GKit.git
  GKitGCD:
    :git: https://github.com/xiamoweinuan/GKitGCD.git
  GKitModel:
    :git: https://github.com/xiamoweinuan/GKitModel.git

CHECKOUT OPTIONS:
  GKit:
    :commit: a6024ead25f5924bab02b0fce2111a001db6c3c9
    :git: https://github.com/xiamoweinuan/GKit.git
  GKitGCD:
    :commit: 2c745b2f6fc0476e57b1bc786512bb32850c1cd7
    :git: https://github.com/xiamoweinuan/GKitGCD.git
  GKitModel:
    :commit: 8e4e34bdcdd971f81e3b3462546b9d498482d795
    :git: https://github.com/xiamoweinuan/GKitModel.git

SPEC CHECKSUMS:
  FMDB: 2ce00b547f966261cd18927a3ddb07cb6f3db82a
  GKit: 914ab9cb482a22a57d08638407034cf9a490e9b1
  GKitGCD: 71dd816d4b724ae4c88d1b36d52a241159be594d
  GKitModel: d3801fc27a0324d762b6be79da520bafeff1cca9
  Masonry: 678fab65091a9290e40e2832a55e7ab731aad201

PODFILE CHECKSUM: 3c96ebd9f297b73e5f03d001c43a398f91101716

COCOAPODS: 1.11.2
